
Microsoft Visual Studio Solution File, Format Version 12.00
# Visual Studio Version 17
VisualStudioVersion = 17.5.33502.453
MinimumVisualStudioVersion = 10.0.40219.1
Project("{FAE04EC0-301F-11D3-BF4B-00C04F79EFBC}") = "AdvanceBreakPointHomeWork", "AdvanceBreakPointHomeWork\AdvanceBreakPointHomeWork.csproj", "{A4D156CE-EC43-48F6-9CF8-2F4534A3D89D}"
EndProject
Global
	GlobalSection(SolutionConfigurationPlatforms) = preSolution
		Debug|Any CPU = Debug|Any CPU
		Release|Any CPU = Release|Any CPU
	EndGlobalSection
	GlobalSection(ProjectConfigurationPlatforms) = postSolution
		{A4D156CE-EC43-48F6-9CF8-2F4534A3D89D}.Debug|Any CPU.ActiveCfg = Debug|Any CPU
		{A4D156CE-EC43-48F6-9CF8-2F4534A3D89D}.Debug|Any CPU.Build.0 = Debug|Any CPU
		{A4D156CE-EC43-48F6-9CF8-2F4534A3D89D}.Release|Any CPU.ActiveCfg = Release|Any CPU
		{A4D156CE-EC43-48F6-9CF8-2F4534A3D89D}.Release|Any CPU.Build.0 = Release|Any CPU
	EndGlobalSection
	GlobalSection(SolutionProperties) = preSolution
		HideSolutionNode = FALSE
	EndGlobalSection
	GlobalSection(ExtensibilityGlobals) = postSolution
		SolutionGuid = {1A202971-0AF2-4833-8375-D93C6AC38F79}
	EndGlobalSection
EndGlobal
